version = 1
revision = 3
requires-python = ">=3.10"

[[package]]
name = "asgiref"
version = "3.11.1"
source = { registry = "https://pypi.org/simple" }
dependencies = [
    { name = "typing-extensions", marker = "python_full_version < '3.11'" },
]
sdist = { url = "https://files.pythonhosted.org/packages/63/40/f03da1264ae8f7cfdbf9146542e5e7e8100a4c66ab48e791df9a03d3f6c0/asgiref-3.11.1.tar.gz", hash = "sha256:5f184dc43b7e763efe848065441eac62229c9f7b0475f41f80e207a114eda4ce", size = 38550, upload-time = "2026-02-03T13:30:14.33Z" }
wheels = [
    { url = "https://files.pythonhosted.org/packages/5c/0a/a72d10ed65068e115044937873362e6e32fab1b7dce0046aeb224682c989/asgiref-3.11.1-py3-none-any.whl", hash = "sha256:e8667a091e69529631969fd45dc268fa79b99c92c5fcdda727757e52146ec133", size = 24345, upload-time = "2026-02-03T13:30:13.039Z" },
]

[[package]]
name = "boto3"
version = "1.43.72"
source = { registry = "https://pypi.org/simple" }
dependencies = [
    { name = "botocore" },
    { name = "jmespath" },
    { name = "s3transfer" },
]
sdist = { url = "https://files.pythonhosted.org/packages/96/cc/f22093524c3b38e94ba2d0e6743d7e264f7190d149c8dceaf9603822c595/boto3-1.43.72.tar.gz", hash = "sha256:6280ce03cc85e9110fd9fb7e2fbf11eae0b1177cb041a0d69aa88edc9d178cf9", size = 112688, upload-time = "2026-08-14T19:24:53.29Z" }
wheels = [
    { url = "https://files.pythonhosted.org/packages/c4/b7/fa7b827ce0fc9bd697381e40f59d69a74c6ab553e246271685ec0acc75b2/boto3-1.43.72-py3-none-any.whl", hash = "sha256:f1bbbad5ed8d8a8c64edb0cd092dc443c95a85623b2ac88b6f6d633717605f00", size = 140025, upload-time = "2026-08-14T19:24:52.013Z" },
]

[[package]]
name = "botocore"
version = "1.43.72"
source = { registry = "https://pypi.org/simple" }
dependencies = [
    { name = "jmespath" },
    { name = "python-dateutil" },
    { name = "urllib3" },
]
sdist = { url = "https://files.pythonhosted.org/packages/a1/99/a8cfeaea98d5085a493af909d09d174466482235a7fda291be18c9a5a76e/botocore-1.43.72.tar.gz", hash = "sha256:1b878c69081e8e9d55aa4c0d85683e7b07f0e274a5554662f9507a46641be3d2", size = 15949280, upload-time = "2026-08-14T19:24:48.841Z" }
wheels = [
    { url = "https://files.pythonhosted.org/packages/f4/27/35814fd8701a6b8be0aa47a7fcbd1ea0706189410a47d71ff29ddcc3ad4d/botocore-1.43.72-py3-none-any.whl", hash = "sha256:de5a1bcf8d7602c6cefc15016f15dad82981e339192531f31fa9483e11feea47", size = 15641880, upload-time = "2026-08-14T19:24:45.882Z" },
]

[[package]]
name = "django"
version = "5.2.15"
source = { registry = "https://pypi.org/simple" }
dependencies = [
    { name = "asgiref" },
    { name = "sqlparse" },
    { name = "tzdata", marker = "sys_platform == 'win32'" },
]
sdist = { url = "https://files.pythonhosted.org/packages/2b/e3/31722f7284c9f43333daff9aee9184678e4487adcb5506af0db8cea09ce1/django-5.2.15.tar.gz", hash = "sha256:5154a9bf84ac01dde011e367f355c07dbb329532e06810dcf3ef2af269e236e7", size = 10873669, upload-time = "2026-06-03T13:03:35.892Z" }
wheels = [
    { url = "https://files.pythonhosted.org/packages/92/b5/38140b1643c00d5c46ce69c78e6980fd285aee223100319631bedee4f5e7/django-5.2.15-py3-none-any.whl", hash = "sha256:0eb4a9bb1853a35b0286dbc6d916bd352c8c2687195a7f2d6f80cefd840e4970", size = 8311957, upload-time = "2026-06-03T13:03:31.329Z" },
]

[[package]]
name = "jmespath"
version = "1.1.0"
source = { registry = "https://pypi.org/simple" }
sdist = { url = "https://files.pythonhosted.org/packages/d3/59/322338183ecda247fb5d1763a6cbe46eff7222eaeebafd9fa65d4bf5cb11/jmespath-1.1.0.tar.gz", hash = "sha256:472c87d80f36026ae83c6ddd0f1d05d4e510134ed462851fd5f754c8c3cbb88d", size = 27377, upload-time = "2026-01-22T16:35:26.279Z" }
wheels = [
    { url = "https://files.pythonhosted.org/packages/14/2f/967ba146e6d58cf6a652da73885f52fc68001525b4197effc174321d70b4/jmespath-1.1.0-py3-none-any.whl", hash = "sha256:a5663118de4908c91729bea0acadca56526eb2698e83de10cd116ae0f4e97c64", size = 20419, upload-time = "2026-01-22T16:35:24.919Z" },
]

[[package]]
name = "parody-web"
version = "0.55.0"
source = { editable = "." }
dependencies = [
    { name = "django" },
]

[package.optional-dependencies]
print = [
    { name = "pypdf" },
]
readalong = [
    { name = "boto3" },
    { name = "pymupdf" },
]

[package.metadata]
requires-dist = [
    { name = "boto3", marker = "extra == 'readalong'", specifier = ">=1.34" },
    { name = "django", specifier = ">=5.0,<6.0" },
    { name = "pymupdf", marker = "extra == 'readalong'", specifier = ">=1.24" },
    { name = "pypdf", marker = "extra == 'print'", specifier = ">=4.0" },
]
provides-extras = ["print", "readalong"]

[[package]]
name = "pymupdf"
version = "1.28.2"
source = { registry = "https://pypi.org/simple" }
sdist = { url = "https://files.pythonhosted.org/packages/a3/fb/b6761fa2d5266f2cdb24c3b91f4023070ab7848381417678e7a289a1d52a/pymupdf-1.28.2.tar.gz", hash = "sha256:5e0be7908a715aa20333caddd73f1d6f01e4cd0c26e869fa2dd0b7f344da2249", size = 87903557, upload-time = "2026-08-06T21:43:23.321Z" }
wheels = [
    { url = "https://files.pythonhosted.org/packages/b4/51/550c9a75c4ff3245cb4ecb7bb95cbe2ab7374230b8e2b7a1f7259444150b/pymupdf-1.28.2-cp310-abi3-macosx_10_15_x86_64.whl", hash = "sha256:5fc315b425ff1f7afdd1ea2f348205cb19b806767daae7ce4d64115799c2bae1", size = 24645079, upload-time = "2026-08-06T21:37:25.001Z" },
    { url = "https://files.pythonhosted.org/packages/fa/01/3591f781b417b382a8487a2356e927acfe858b1043bab0ec47f6805bb109/pymupdf-1.28.2-cp310-abi3-macosx_11_0_arm64.whl", hash = "sha256:7113846b35dbf0a033f088e4f4fb543dabeb4b0b12c112966a1ca1ee2d5eacae", size = 23875605, upload-time = "2026-08-06T21:37:40.369Z" },
    { url = "https://files.pythonhosted.org/packages/d2/86/4a68f080b71b46802178346af46486e1697508e760855ff5f3b218a6dff7/pymupdf-1.28.2-cp310-abi3-manylinux_2_28_aarch64.whl", hash = "sha256:3050a233dde1211efe89ada74e2add6238436434159f46097a1423aad2842545", size = 25095554, upload-time = "2026-08-06T21:37:58.485Z" },
    { url = "https://files.pythonhosted.org/packages/c7/06/dace3e27af26690cb20bead80dbac42941b0841eb689b8aabbd67dde16f0/pymupdf-1.28.2-cp310-abi3-manylinux_2_28_x86_64.whl", hash = "sha256:397d6715c1f0df7548a92d0afd8ce370fc48fa47aeefac16be2bc04a16a8227f", size = 25762500, upload-time = "2026-08-06T21:38:17.438Z" },
    { url = "https://files.pythonhosted.org/packages/e5/61/4146dfa1d8172a1ce8d59f0eed94896ddefb8deb2274534d0522fbb8abf5/pymupdf-1.28.2-cp310-abi3-musllinux_1_2_x86_64.whl", hash = "sha256:f89fb2d86d07d643a269f17a093105057e20c79c1d06c103b53600067b6d2b01", size = 25986309, upload-time = "2026-08-06T21:38:35.472Z" },
    { url = "https://files.pythonhosted.org/packages/52/60/1fb6e64676f7500ebe89054b9e5bbbe14d3101c92d5f1a40ac9a35227673/pymupdf-1.28.2-cp310-abi3-win32.whl", hash = "sha256:530ef543a3885b3b81cb72a854e7c5a625a9233201221132bb6c31698c6a2bdb", size = 18525353, upload-time = "2026-08-06T21:38:47.697Z" },
    { url = "https://files.pythonhosted.org/packages/4a/61/d563bbccba262f9dd6d2d35ccb72593648184d886188efb12d9ce8f34dd6/pymupdf-1.28.2-cp310-abi3-win_amd64.whl", hash = "sha256:ebd244918798502d7b4504c90410d1711a4d7675a32584ca30f1bab419ecbffe", size = 19826532, upload-time = "2026-08-06T21:39:00.213Z" },
    { url = "https://files.pythonhosted.org/packages/e2/93/08f404a1f0155fe24137cf2d3aabd3e2b4b08c62053ed89c60f2611be3e9/pymupdf-1.28.2-cp310-abi3-win_arm64.whl", hash = "sha256:ffe91a24edc75c80da2a4b62f50fc0f54632d34fc8fe4cbc48e5c7ff07cf8fb4", size = 19759252, upload-time = "2026-08-06T21:39:12.937Z" },
    { url = "https://files.pythonhosted.org/packages/58/8c/d897dcd32a25b58186c968b15ce4324ca029e9d96460de12325314e390be/pymupdf-1.28.2-cp313-abi3-pyemscripten_2025_0_wasm32.whl", hash = "sha256:2e1b574c0fd2cb238021033fd3c0f9c4388816638df064e4bfb56d9d81736dc8", size = 18399403, upload-time = "2026-08-06T21:39:25.008Z" },
    { url = "https://files.pythonhosted.org/packages/f6/f1/de34a1c53fe2bf8c6e71db84b0ced782d408970c9810d2b456a2ae96814c/pymupdf-1.28.2-cp314-cp314t-manylinux_2_28_x86_64.whl", hash = "sha256:fd481ed48bef56305c41fb7e05a055c03345c899c7b101dad086258b438f8168", size = 25802333, upload-time = "2026-08-06T21:39:41.426Z" },
]

[[package]]
name = "pypdf"
version = "6.16.0"
source = { registry = "https://pypi.org/simple" }
dependencies = [
    { name = "typing-extensions", marker = "python_full_version < '3.11'" },
]
sdist = { url = "https://files.pythonhosted.org/packages/1a/7f/5bc369dedae6750e23fc9ce82f6396258f92ed80ae0137732738a6d4ffce/pypdf-6.16.0.tar.gz", hash = "sha256:dfc5b0afeb5e02e9ee1dce71c09071f062d1a4030d2925f03a5daee0ee975ed8", size = 7002332, upload-time = "2026-08-13T14:54:41.586Z" }
wheels = [
    { url = "https://files.pythonhosted.org/packages/bb/83/2b04a77f8de3c6d295e2687228b21152cb65a406511373ed06fd757634af/pypdf-6.16.0-py3-none-any.whl", hash = "sha256:8c47581faa1cba7006ac269da30075c929c251cc4ffbafb2bcbe260306631118", size = 382160, upload-time = "2026-08-13T14:54:39.734Z" },
]

[[package]]
name = "python-dateutil"
version = "2.9.0.post0"
source = { registry = "https://pypi.org/simple" }
dependencies = [
    { name = "six" },
]
sdist = { url = "https://files.pythonhosted.org/packages/66/c0/0c8b6ad9f17a802ee498c46e004a0eb49bc148f2fd230864601a86dcf6db/python-dateutil-2.9.0.post0.tar.gz", hash = "sha256:37dd54208da7e1cd875388217d5e00ebd4179249f90fb72437e91a35459a0ad3", size = 342432, upload-time = "2024-03-01T18:36:20.211Z" }
wheels = [
    { url = "https://files.pythonhosted.org/packages/ec/57/56b9bcc3c9c6a792fcbaf139543cee77261f3651ca9da0c93f5c1221264b/python_dateutil-2.9.0.post0-py2.py3-none-any.whl", hash = "sha256:a8b2bc7bffae282281c8140a97d3aa9c14da0b136dfe83f850eea9a5f7470427", size = 229892, upload-time = "2024-03-01T18:36:18.57Z" },
]

[[package]]
name = "s3transfer"
version = "0.19.2"
source = { registry = "https://pypi.org/simple" }
dependencies = [
    { name = "botocore" },
]
sdist = { url = "https://files.pythonhosted.org/packages/76/43/35e4d8aa320bffe8287fe8f65f578fa2d2db0a64212f0e710dce58267854/s3transfer-0.19.2.tar.gz", hash = "sha256:ba0309fd86be3c27dbf78cdd813c13c5e1df16e5874b99d2535ebbdfb9892993", size = 165592, upload-time = "2026-07-22T19:30:44.432Z" }
wheels = [
    { url = "https://files.pythonhosted.org/packages/bc/e7/5c595c75e9f41a44f30e526eda465ea0b4eec93470e074e4a111b253f13a/s3transfer-0.19.2-py3-none-any.whl", hash = "sha256:d8168eccca828cbb2cd573675333f3bddd254313a9c42494b84c76b539e8ba25", size = 90216, upload-time = "2026-07-22T19:30:43.251Z" },
]

[[package]]
name = "six"
version = "1.17.0"
source = { registry = "https://pypi.org/simple" }
sdist = { url = "https://files.pythonhosted.org/packages/94/e7/b2c673351809dca68a0e064b6af791aa332cf192da575fd474ed7d6f16a2/six-1.17.0.tar.gz", hash = "sha256:ff70335d468e7eb6ec65b95b99d3a2836546063f63acc5171de367e834932a81", size = 34031, upload-time = "2024-12-04T17:35:28.174Z" }
wheels = [
    { url = "https://files.pythonhosted.org/packages/b7/ce/149a00dd41f10bc29e5921b496af8b574d8413afcd5e30dfa0ed46c2cc5e/six-1.17.0-py2.py3-none-any.whl", hash = "sha256:4721f391ed90541fddacab5acf947aa0d3dc7d27b2e1e8eda2be8970586c3274", size = 11050, upload-time = "2024-12-04T17:35:26.475Z" },
]

[[package]]
name = "sqlparse"
version = "0.5.5"
source = { registry = "https://pypi.org/simple" }
sdist = { url = "https://files.pythonhosted.org/packages/90/76/437d71068094df0726366574cf3432a4ed754217b436eb7429415cf2d480/sqlparse-0.5.5.tar.gz", hash = "sha256:e20d4a9b0b8585fdf63b10d30066c7c94c5d7a7ec47c889a2d83a3caa93ff28e", size = 120815, upload-time = "2025-12-19T07:17:45.073Z" }
wheels = [
    { url = "https://files.pythonhosted.org/packages/49/4b/359f28a903c13438ef59ebeee215fb25da53066db67b305c125f1c6d2a25/sqlparse-0.5.5-py3-none-any.whl", hash = "sha256:12a08b3bf3eec877c519589833aed092e2444e68240a3577e8e26148acc7b1ba", size = 46138, upload-time = "2025-12-19T07:17:46.573Z" },
]

[[package]]
name = "typing-extensions"
version = "4.15.0"
source = { registry = "https://pypi.org/simple" }
sdist = { url = "https://files.pythonhosted.org/packages/72/94/1a15dd82efb362ac84269196e94cf00f187f7ed21c242792a923cdb1c61f/typing_extensions-4.15.0.tar.gz", hash = "sha256:0cea48d173cc12fa28ecabc3b837ea3cf6f38c6d1136f85cbaaf598984861466", size = 109391, upload-time = "2025-08-25T13:49:26.313Z" }
wheels = [
    { url = "https://files.pythonhosted.org/packages/18/67/36e9267722cc04a6b9f15c7f3441c2363321a3ea07da7ae0c0707beb2a9c/typing_extensions-4.15.0-py3-none-any.whl", hash = "sha256:f0fa19c6845758ab08074a0cfa8b7aecb71c999ca73d62883bc25cc018c4e548", size = 44614, upload-time = "2025-08-25T13:49:24.86Z" },
]

[[package]]
name = "tzdata"
version = "2026.2"
source = { registry = "https://pypi.org/simple" }
sdist = { url = "https://files.pythonhosted.org/packages/ba/19/1b9b0e29f30c6d35cb345486df41110984ea67ae69dddbc0e8a100999493/tzdata-2026.2.tar.gz", hash = "sha256:9173fde7d80d9018e02a662e168e5a2d04f87c41ea174b139fbef642eda62d10", size = 198254, upload-time = "2026-04-24T15:22:08.651Z" }
wheels = [
    { url = "https://files.pythonhosted.org/packages/ce/e4/dccd7f47c4b64213ac01ef921a1337ee6e30e8c6466046018326977efd95/tzdata-2026.2-py2.py3-none-any.whl", hash = "sha256:bbe9af844f658da81a5f95019480da3a89415801f6cc966806612cc7169bffe7", size = 349321, upload-time = "2026-04-24T15:22:05.876Z" },
]

[[package]]
name = "urllib3"
version = "2.7.0"
source = { registry = "https://pypi.org/simple" }
sdist = { url = "https://files.pythonhosted.org/packages/53/0c/06f8b233b8fd13b9e5ee11424ef85419ba0d8ba0b3138bf360be2ff56953/urllib3-2.7.0.tar.gz", hash = "sha256:231e0ec3b63ceb14667c67be60f2f2c40a518cb38b03af60abc813da26505f4c", size = 433602, upload-time = "2026-05-07T16:13:18.596Z" }
wheels = [
    { url = "https://files.pythonhosted.org/packages/7f/3e/5db95bcf282c52709639744ca2a8b149baccf648e39c8cc87553df9eae0c/urllib3-2.7.0-py3-none-any.whl", hash = "sha256:9fb4c81ebbb1ce9531cce37674bbc6f1360472bc18ca9a553ede278ef7276897", size = 131087, upload-time = "2026-05-07T16:13:17.151Z" },
]
